
Microsoft Visual Studio Solution File, Format Version 12.00
# Visual Studio 15
VisualStudioVersion = 15.0.27004.2005
MinimumVisualStudioVersion = 10.0.40219.1
Project("{FAE04EC0-301F-11D3-BF4B-00C04F79EFBC}") = "Tips.ConsoleApp", "Tips.ConsoleApp\Tips.ConsoleApp.csproj", "{D4B2E90C-3015-47FE-B847-5457F6300BD8}"
EndProject
Project("{FAE04EC0-301F-11D3-BF4B-00C04F79EFBC}") = "Tips.ConsoleApp.Demo", "Tips.ConsoleApp.Demo\Tips.ConsoleApp.Demo.csproj", "{F76BD34E-B762-4008-B380-84FEF05C6001}"
EndProject
Project("{FAE04EC0-301F-11D3-BF4B-00C04F79EFBC}") = "Tips.Forms.Demo", "Tips.Forms.Demo\Tips.Forms.Demo.csproj", "{B99B53B4-CFB6-431D-AF06-B8FD4659ECA4}"
EndProject
Project("{FAE04EC0-301F-11D3-BF4B-00C04F79EFBC}") = "Tips.Forms", "Tips.Forms\Tips.Forms.csproj", "{096FA917-BDF6-406E-8619-32F7B44AEE26}"
EndProject
Global
	GlobalSection(SolutionConfigurationPlatforms) = preSolution
		Debug|Any CPU = Debug|Any CPU
		Release|Any CPU = Release|Any CPU
	EndGlobalSection
	GlobalSection(ProjectConfigurationPlatforms) = postSolution
		{D4B2E90C-3015-47FE-B847-5457F6300BD8}.Debug|Any CPU.ActiveCfg = Debug|Any CPU
		{D4B2E90C-3015-47FE-B847-5457F6300BD8}.Debug|Any CPU.Build.0 = Debug|Any CPU
		{D4B2E90C-3015-47FE-B847-5457F6300BD8}.Release|Any CPU.ActiveCfg = Release|Any CPU
		{D4B2E90C-3015-47FE-B847-5457F6300BD8}.Release|Any CPU.Build.0 = Release|Any CPU
		{F76BD34E-B762-4008-B380-84FEF05C6001}.Debug|Any CPU.ActiveCfg = Debug|Any CPU
		{F76BD34E-B762-4008-B380-84FEF05C6001}.Debug|Any CPU.Build.0 = Debug|Any CPU
		{F76BD34E-B762-4008-B380-84FEF05C6001}.Release|Any CPU.ActiveCfg = Release|Any CPU
		{F76BD34E-B762-4008-B380-84FEF05C6001}.Release|Any CPU.Build.0 = Release|Any CPU
		{B99B53B4-CFB6-431D-AF06-B8FD4659ECA4}.Debug|Any CPU.ActiveCfg = Debug|Any CPU
		{B99B53B4-CFB6-431D-AF06-B8FD4659ECA4}.Debug|Any CPU.Build.0 = Debug|Any CPU
		{B99B53B4-CFB6-431D-AF06-B8FD4659ECA4}.Release|Any CPU.ActiveCfg = Release|Any CPU
		{B99B53B4-CFB6-431D-AF06-B8FD4659ECA4}.Release|Any CPU.Build.0 = Release|Any CPU
		{096FA917-BDF6-406E-8619-32F7B44AEE26}.Debug|Any CPU.ActiveCfg = Debug|Any CPU
		{096FA917-BDF6-406E-8619-32F7B44AEE26}.Debug|Any CPU.Build.0 = Debug|Any CPU
		{096FA917-BDF6-406E-8619-32F7B44AEE26}.Release|Any CPU.ActiveCfg = Release|Any CPU
		{096FA917-BDF6-406E-8619-32F7B44AEE26}.Release|Any CPU.Build.0 = Release|Any CPU
	EndGlobalSection
	GlobalSection(SolutionProperties) = preSolution
		HideSolutionNode = FALSE
	EndGlobalSection
	GlobalSection(ExtensibilityGlobals) = postSolution
		SolutionGuid = {0CA313DD-4E53-4E61-B1E8-80D414CC446E}
	EndGlobalSection
EndGlobal
